{
  "name": "clicker",
  "version": "1.0.0",
  "lockfileVersion": 1,
  "requires": true,
  "dependencies": {
    "gscript2020": {
      "version": "git+https://github.com/Ehawk82/gScript2020.git#dc4b62a3cc0d01e11bdb0b0607ae70ffe6593d9f",
      "from": "git+https://github.com/Ehawk82/gScript2020.git"
    }
  }
}
